
Microsoft Visual Studio Solution File, Format Version 12.00
# Visual Studio 15
VisualStudioVersion = 15.0.28307.438
MinimumVisualStudioVersion = 10.0.40219.1
Project("{FAE04EC0-301F-11D3-BF4B-00C04F79EFBC}") = "Clase6", "Clase6\Clase6.csproj", "{C94A4EE5-DD19-45BB-BB3A-2675DEDBBA4E}"
EndProject
Global
	GlobalSection(SolutionConfigurationPlatforms) = preSolution
		Debug|Any CPU = Debug|Any CPU
		Release|Any CPU = Release|Any CPU
	EndGlobalSection
	GlobalSection(ProjectConfigurationPlatforms) = postSolution
		{C94A4EE5-DD19-45BB-BB3A-2675DEDBBA4E}.Debug|Any CPU.ActiveCfg = Debug|Any CPU
		{C94A4EE5-DD19-45BB-BB3A-2675DEDBBA4E}.Debug|Any CPU.Build.0 = Debug|Any CPU
		{C94A4EE5-DD19-45BB-BB3A-2675DEDBBA4E}.Release|Any CPU.ActiveCfg = Release|Any CPU
		{C94A4EE5-DD19-45BB-BB3A-2675DEDBBA4E}.Release|Any CPU.Build.0 = Release|Any CPU
	EndGlobalSection
	GlobalSection(SolutionProperties) = preSolution
		HideSolutionNode = FALSE
	EndGlobalSection
	GlobalSection(ExtensibilityGlobals) = postSolution
		SolutionGuid = {1D8AA885-A186-4871-A337-4574A44C118F}
	EndGlobalSection
EndGlobal
